
Microsoft Visual Studio Solution File, Format Version 12.00
# Visual Studio 15
VisualStudioVersion = 15.0.28010.2041
MinimumVisualStudioVersion = 10.0.40219.1
Project("{FAE04EC0-301F-11D3-BF4B-00C04F79EFBC}") = "DrawingToolkit", "DrawingToolkit\DrawingToolkit.csproj", "{603AD148-8F7D-478A-9CD7-734244A50A60}"
EndProject
Global
	GlobalSection(SolutionConfigurationPlatforms) = preSolution
		Debug|Any CPU = Debug|Any CPU
		Release|Any CPU = Release|Any CPU
	EndGlobalSection
	GlobalSection(ProjectConfigurationPlatforms) = postSolution
		{603AD148-8F7D-478A-9CD7-734244A50A60}.Debug|Any CPU.ActiveCfg = Debug|Any CPU
		{603AD148-8F7D-478A-9CD7-734244A50A60}.Debug|Any CPU.Build.0 = Debug|Any CPU
		{603AD148-8F7D-478A-9CD7-734244A50A60}.Release|Any CPU.ActiveCfg = Release|Any CPU
		{603AD148-8F7D-478A-9CD7-734244A50A60}.Release|Any CPU.Build.0 = Release|Any CPU
	EndGlobalSection
	GlobalSection(SolutionProperties) = preSolution
		HideSolutionNode = FALSE
	EndGlobalSection
	GlobalSection(ExtensibilityGlobals) = postSolution
		SolutionGuid = {23AE639A-6C88-4396-803B-9DBFC4ABFBC5}
	EndGlobalSection
EndGlobal
