
Microsoft Visual Studio Solution File, Format Version 12.00
# Visual Studio 15
VisualStudioVersion = 15.0.28010.2041
MinimumVisualStudioVersion = 10.0.40219.1
Project("{FAE04EC0-301F-11D3-BF4B-00C04F79EFBC}") = "Drawing App Fast", "Drawing App Fast\Drawing App Fast.csproj", "{48D3F89F-2CC4-4777-82B9-71AAB5C51B1E}"
EndProject
Global
	GlobalSection(SolutionConfigurationPlatforms) = preSolution
		Debug|Any CPU = Debug|Any CPU
		Release|Any CPU = Release|Any CPU
	EndGlobalSection
	GlobalSection(ProjectConfigurationPlatforms) = postSolution
		{48D3F89F-2CC4-4777-82B9-71AAB5C51B1E}.Debug|Any CPU.ActiveCfg = Debug|Any CPU
		{48D3F89F-2CC4-4777-82B9-71AAB5C51B1E}.Debug|Any CPU.Build.0 = Debug|Any CPU
		{48D3F89F-2CC4-4777-82B9-71AAB5C51B1E}.Release|Any CPU.ActiveCfg = Release|Any CPU
		{48D3F89F-2CC4-4777-82B9-71AAB5C51B1E}.Release|Any CPU.Build.0 = Release|Any CPU
	EndGlobalSection
	GlobalSection(SolutionProperties) = preSolution
		HideSolutionNode = FALSE
	EndGlobalSection
	GlobalSection(ExtensibilityGlobals) = postSolution
		SolutionGuid = {23D36D20-25BE-4914-9DA8-44BC063A71EF}
	EndGlobalSection
EndGlobal
